<?xml version="1.0" encoding="UTF-8" standalone="yes" ?>
<CodeBlocks_project_file>
	<FileVersion major="1" minor="6" />
	<Project>
		<Option title="TPI-G5-GESTION" />
		<Option pch_mode="2" />
		<Option compiler="gcc" />
		<Build>
			<Target title="Debug">
				<Option output="bin/Debug/TPI-G5-GESTION" prefix_auto="1" extension_auto="1" />
				<Option object_output="obj/Debug/" />
				<Option type="1" />
				<Option compiler="gcc" />
				<Compiler>
					<Add option="-g" />
				</Compiler>
			</Target>
			<Target title="Release">
				<Option output="bin/Release/TPI-G5-GESTION" prefix_auto="1" extension_auto="1" />
				<Option object_output="obj/Release/" />
				<Option type="1" />
				<Option compiler="gcc" />
				<Compiler>
					<Add option="-O2" />
				</Compiler>
				<Linker>
					<Add option="-s" />
				</Linker>
			</Target>
		</Build>
		<Compiler>
			<Add option="-Wall" />
			<Add option="-fexceptions" />
		</Compiler>
		<Unit filename="loteDeFormasDePago.cpp" />
		<Unit filename="loteDeFormasDePago.h" />
		<Unit filename="loteDeMarcas.cpp" />
		<Unit filename="loteDeProductos.cpp" />
		<Unit filename="loteDeProductos.h" />
		<Unit filename="loteDeVentas.cpp" />
		<Unit filename="loteDeVentas.h" />
		<Unit filename="lotedeMarcas.h" />
		<Unit filename="main.cpp" />
		<Unit filename="mostrarReportes.cpp" />
		<Unit filename="mostrarReportes.h" />
		<Unit filename="porcentajeDeVentasPorFP.cpp" />
		<Unit filename="porcentajeDeVentasPorFP.h" />
		<Unit filename="productosSinVentas.cpp" />
		<Unit filename="productosSinVentas.h" />
		<Unit filename="recaudacionPorProducto.cpp" />
		<Unit filename="recaudacionPorProducto.h" />
		<Unit filename="top10ClientesMasSorteo.cpp" />
		<Unit filename="top10ClientesMasSorteos.h" />
		<Unit filename="ventasPorMarcayPorFP.cpp" />
		<Unit filename="ventasPorMarcayPorFP.h" />
		<Extensions>
			<lib_finder disable_auto="1" />
		</Extensions>
	</Project>
</CodeBlocks_project_file>
